{
  "originHash" : "18bbbaa47c24d88e1d32540f35aedf6e1bd14398eb435a331199a9d3995e4e24",
  "pins" : [
    {
      "identity" : "executorch",
      "kind" : "remoteSourceControl",
      "location" : "https://github.com/pytorch/executorch",
      "state" : {
        "branch" : "latest",
        "revision" : "bcc378c89f47d356f7c8db42730673e019dd0855"
      }
    }
  ],
  "version" : 3
}
